
Microsoft Visual Studio Solution File, Format Version 12.00
# Visual Studio Version 17
VisualStudioVersion = 17.8.34511.84
MinimumVisualStudioVersion = 10.0.40219.1
Project("{9A19103F-16F7-4668-BE54-9A1E7A4F7556}") = "WebApi-Biblioteca", "WebApi-Biblioteca\WebApi-Biblioteca.csproj", "{1253A4EC-4F6A-4E69-AC5A-0AE018AEBE7B}"
EndProject
Project("{FAE04EC0-301F-11D3-BF4B-00C04F79EFBC}") = "WebApi-Biblioteca-Tests", "WebApi-Biblioteca-Tests\WebApi-Biblioteca-Tests.csproj", "{4B9BAE94-5F6F-455F-B314-F1F79BC7FF2D}"
EndProject
Global
	GlobalSection(SolutionConfigurationPlatforms) = preSolution
		Debug|Any CPU = Debug|Any CPU
		Release|Any CPU = Release|Any CPU
	EndGlobalSection
	GlobalSection(ProjectConfigurationPlatforms) = postSolution
		{1253A4EC-4F6A-4E69-AC5A-0AE018AEBE7B}.Debug|Any CPU.ActiveCfg = Debug|Any CPU
		{1253A4EC-4F6A-4E69-AC5A-0AE018AEBE7B}.Debug|Any CPU.Build.0 = Debug|Any CPU
		{1253A4EC-4F6A-4E69-AC5A-0AE018AEBE7B}.Release|Any CPU.ActiveCfg = Release|Any CPU
		{1253A4EC-4F6A-4E69-AC5A-0AE018AEBE7B}.Release|Any CPU.Build.0 = Release|Any CPU
		{4B9BAE94-5F6F-455F-B314-F1F79BC7FF2D}.Debug|Any CPU.ActiveCfg = Debug|Any CPU
		{4B9BAE94-5F6F-455F-B314-F1F79BC7FF2D}.Debug|Any CPU.Build.0 = Debug|Any CPU
		{4B9BAE94-5F6F-455F-B314-F1F79BC7FF2D}.Release|Any CPU.ActiveCfg = Release|Any CPU
		{4B9BAE94-5F6F-455F-B314-F1F79BC7FF2D}.Release|Any CPU.Build.0 = Release|Any CPU
	EndGlobalSection
	GlobalSection(SolutionProperties) = preSolution
		HideSolutionNode = FALSE
	EndGlobalSection
	GlobalSection(ExtensibilityGlobals) = postSolution
		SolutionGuid = {A26D9100-DB12-4420-9ED3-58FEB6DD130B}
	EndGlobalSection
EndGlobal
