
Microsoft Visual Studio Solution File, Format Version 12.00
# Visual Studio Version 17
VisualStudioVersion = 17.8.34511.84
MinimumVisualStudioVersion = 10.0.40219.1
Project("{9A19103F-16F7-4668-BE54-9A1E7A4F7556}") = "WebApi-Biblioteca", "WebApi-Biblioteca\WebApi-Biblioteca.csproj", "{1253A4EC-4F6A-4E69-AC5A-0AE018AEBE7B}"
EndProject
Project("{FAE04EC0-301F-11D3-BF4B-00C04F79EFBC}") = "WebApi-Biblioteca_Tests", "WebApi-Biblioteca_Tests\WebApi-Biblioteca_Tests.csproj", "{FF231FD1-ED09-4AA1-B8AD-22BC1680955C}"
EndProject
Global
	GlobalSection(SolutionConfigurationPlatforms) = preSolution
		Debug|Any CPU = Debug|Any CPU
		Release|Any CPU = Release|Any CPU
	EndGlobalSection
	GlobalSection(ProjectConfigurationPlatforms) = postSolution
		{1253A4EC-4F6A-4E69-AC5A-0AE018AEBE7B}.Debug|Any CPU.ActiveCfg = Debug|Any CPU
		{1253A4EC-4F6A-4E69-AC5A-0AE018AEBE7B}.Debug|Any CPU.Build.0 = Debug|Any CPU
		{1253A4EC-4F6A-4E69-AC5A-0AE018AEBE7B}.Release|Any CPU.ActiveCfg = Release|Any CPU
		{1253A4EC-4F6A-4E69-AC5A-0AE018AEBE7B}.Release|Any CPU.Build.0 = Release|Any CPU
		{FF231FD1-ED09-4AA1-B8AD-22BC1680955C}.Debug|Any CPU.ActiveCfg = Debug|Any CPU
		{FF231FD1-ED09-4AA1-B8AD-22BC1680955C}.Debug|Any CPU.Build.0 = Debug|Any CPU
		{FF231FD1-ED09-4AA1-B8AD-22BC1680955C}.Release|Any CPU.ActiveCfg = Release|Any CPU
		{FF231FD1-ED09-4AA1-B8AD-22BC1680955C}.Release|Any CPU.Build.0 = Release|Any CPU
	EndGlobalSection
	GlobalSection(SolutionProperties) = preSolution
		HideSolutionNode = FALSE
	EndGlobalSection
	GlobalSection(ExtensibilityGlobals) = postSolution
		SolutionGuid = {A26D9100-DB12-4420-9ED3-58FEB6DD130B}
	EndGlobalSection
EndGlobal
